
Microsoft Visual Studio Solution File, Format Version 12.00
# Visual Studio 15
VisualStudioVersion = 15.0.27004.2002
MinimumVisualStudioVersion = 10.0.40219.1
Project("{FAE04EC0-301F-11D3-BF4B-00C04F79EFBC}") = "online mobile recharge", "online mobile recharge\online mobile recharge.csproj", "{D5E013B8-BE09-4737-A922-4A2D68F08677}"
EndProject
Global
	GlobalSection(SolutionConfigurationPlatforms) = preSolution
		Debug|Any CPU = Debug|Any CPU
		Release|Any CPU = Release|Any CPU
	EndGlobalSection
	GlobalSection(ProjectConfigurationPlatforms) = postSolution
		{D5E013B8-BE09-4737-A922-4A2D68F08677}.Debug|Any CPU.ActiveCfg = Debug|Any CPU
		{D5E013B8-BE09-4737-A922-4A2D68F08677}.Debug|Any CPU.Build.0 = Debug|Any CPU
		{D5E013B8-BE09-4737-A922-4A2D68F08677}.Release|Any CPU.ActiveCfg = Release|Any CPU
		{D5E013B8-BE09-4737-A922-4A2D68F08677}.Release|Any CPU.Build.0 = Release|Any CPU
	EndGlobalSection
	GlobalSection(SolutionProperties) = preSolution
		HideSolutionNode = FALSE
	EndGlobalSection
	GlobalSection(ExtensibilityGlobals) = postSolution
		SolutionGuid = {FB97449A-68D1-41DC-A9DD-9782F6ECC114}
	EndGlobalSection
EndGlobal
